---
packages:
  axi:
    revision: ~
    version: ~
    source:
      Path: /scratch2/zarubaf/snitch/hw/vendor/pulp_platform_axi
    dependencies:
      - common_cells
      - common_verification
  bender-vsim:
    revision: 2c7e222d6e91bfa4a2eb0921299006de7fe3e772
    version: ~
    source:
      Git: "git@iis-git.ee.ethz.ch:fschuiki/bender-vsim.git"
    dependencies: []
  common_cells:
    revision: ~
    version: ~
    source:
      Path: /scratch2/zarubaf/snitch/hw/vendor/pulp_platform_common_cells
    dependencies:
      - common_verification
      - tech_cells_generic
  common_verification:
    revision: a1e569119cdf2d25cecceee4016acd98030f6886
    version: ~
    source:
      Git: "https://github.com/pulp-platform/common_verification.git"
    dependencies: []
  reqrsp_interface:
    revision: ~
    version: ~
    source:
      Path: /scratch2/zarubaf/snitch/hw/ip/tcdm_interface/../reqrsp_interface
    dependencies:
      - axi
      - common_cells
  tech_cells_generic:
    revision: ~
    version: ~
    source:
      Path: /scratch2/zarubaf/snitch/hw/vendor/pulp_platform_tech_cells_generic
    dependencies:
      - common_verification